
Microsoft Visual Studio Solution File, Format Version 12.00
# Visual Studio 14
VisualStudioVersion = 14.0.25123.0
MinimumVisualStudioVersion = 10.0.40219.1
Project("{8BC9CEB8-8B4A-11D0-8D11-00A0C91BC942}") = "Strategy", "Strategy\Strategy.vcxproj", "{CC9130DD-7158-4E02-AA8F-1CBAC564F4A8}"
EndProject
Project("{FAE04EC0-301F-11D3-BF4B-00C04F79EFBC}") = "UI", "UI\UI.csproj", "{D85AC712-B326-4F82-A13E-934B693D4243}"
	ProjectSection(ProjectDependencies) = postProject
		{CC9130DD-7158-4E02-AA8F-1CBAC564F4A8} = {CC9130DD-7158-4E02-AA8F-1CBAC564F4A8}
	EndProjectSection
EndProject
Project("{2150E333-8FDC-42A3-9474-1A3956D46DE8}") = "Solution Items", "Solution Items", "{E68428D1-691C-431D-90D3-5ADFC840EE30}"
	ProjectSection(SolutionItems) = preProject
		Performance1.psess = Performance1.psess
		Performance2.psess = Performance2.psess
	EndProjectSection
EndProject
Project("{8BC9CEB8-8B4A-11D0-8D11-00A0C91BC942}") = "Compete", "..\..\..\..\AI\AI_Project\AI_project_win\Compete\Compete\Compete.vcxproj", "{CDC2C762-9A42-4D17-B6CD-C9E74E0BE91A}"
EndProject
Global
	GlobalSection(Performance) = preSolution
		HasPerformanceSessions = true
	EndGlobalSection
	GlobalSection(SolutionConfigurationPlatforms) = preSolution
		AI_Compete|Any CPU = AI_Compete|Any CPU
		AI_Compete|Mixed Platforms = AI_Compete|Mixed Platforms
		AI_Compete|Win32 = AI_Compete|Win32
		AI_Compete|x64 = AI_Compete|x64
		AI_UI|Any CPU = AI_UI|Any CPU
		AI_UI|Mixed Platforms = AI_UI|Mixed Platforms
		AI_UI|Win32 = AI_UI|Win32
		AI_UI|x64 = AI_UI|x64
		AI_UI-64|Any CPU = AI_UI-64|Any CPU
		AI_UI-64|Mixed Platforms = AI_UI-64|Mixed Platforms
		AI_UI-64|Win32 = AI_UI-64|Win32
		AI_UI-64|x64 = AI_UI-64|x64
		Debug|Any CPU = Debug|Any CPU
		Debug|Mixed Platforms = Debug|Mixed Platforms
		Debug|Win32 = Debug|Win32
		Debug|x64 = Debug|x64
		Release|Any CPU = Release|Any CPU
		Release|Mixed Platforms = Release|Mixed Platforms
		Release|Win32 = Release|Win32
		Release|x64 = Release|x64
	EndGlobalSection
	GlobalSection(ProjectConfigurationPlatforms) = postSolution
		{CC9130DD-7158-4E02-AA8F-1CBAC564F4A8}.AI_Compete|Any CPU.ActiveCfg = AI_Compete|Win32
		{CC9130DD-7158-4E02-AA8F-1CBAC564F4A8}.AI_Compete|Mixed Platforms.ActiveCfg = AI_Compete|Win32
		{CC9130DD-7158-4E02-AA8F-1CBAC564F4A8}.AI_Compete|Mixed Platforms.Build.0 = AI_Compete|Win32
		{CC9130DD-7158-4E02-AA8F-1CBAC564F4A8}.AI_Compete|Win32.ActiveCfg = AI_Compete|Win32
		{CC9130DD-7158-4E02-AA8F-1CBAC564F4A8}.AI_Compete|Win32.Build.0 = AI_Compete|Win32
		{CC9130DD-7158-4E02-AA8F-1CBAC564F4A8}.AI_Compete|x64.ActiveCfg = AI_Compete|x64
		{CC9130DD-7158-4E02-AA8F-1CBAC564F4A8}.AI_Compete|x64.Build.0 = AI_Compete|x64
		{CC9130DD-7158-4E02-AA8F-1CBAC564F4A8}.AI_UI|Any CPU.ActiveCfg = AI_UI|Win32
		{CC9130DD-7158-4E02-AA8F-1CBAC564F4A8}.AI_UI|Mixed Platforms.ActiveCfg = AI_UI|Win32
		{CC9130DD-7158-4E02-AA8F-1CBAC564F4A8}.AI_UI|Mixed Platforms.Build.0 = AI_UI|Win32
		{CC9130DD-7158-4E02-AA8F-1CBAC564F4A8}.AI_UI|Win32.ActiveCfg = AI_UI|Win32
		{CC9130DD-7158-4E02-AA8F-1CBAC564F4A8}.AI_UI|Win32.Build.0 = AI_UI|Win32
		{CC9130DD-7158-4E02-AA8F-1CBAC564F4A8}.AI_UI|x64.ActiveCfg = AI_UI|x64
		{CC9130DD-7158-4E02-AA8F-1CBAC564F4A8}.AI_UI|x64.Build.0 = AI_UI|x64
		{CC9130DD-7158-4E02-AA8F-1CBAC564F4A8}.AI_UI-64|Any CPU.ActiveCfg = AI_UI-64|Win32
		{CC9130DD-7158-4E02-AA8F-1CBAC564F4A8}.AI_UI-64|Mixed Platforms.ActiveCfg = AI_UI-64|x64
		{CC9130DD-7158-4E02-AA8F-1CBAC564F4A8}.AI_UI-64|Mixed Platforms.Build.0 = AI_UI-64|x64
		{CC9130DD-7158-4E02-AA8F-1CBAC564F4A8}.AI_UI-64|Win32.ActiveCfg = AI_UI-64|Win32
		{CC9130DD-7158-4E02-AA8F-1CBAC564F4A8}.AI_UI-64|Win32.Build.0 = AI_UI-64|Win32
		{CC9130DD-7158-4E02-AA8F-1CBAC564F4A8}.AI_UI-64|x64.ActiveCfg = AI_UI-64|x64
		{CC9130DD-7158-4E02-AA8F-1CBAC564F4A8}.AI_UI-64|x64.Build.0 = AI_UI-64|x64
		{CC9130DD-7158-4E02-AA8F-1CBAC564F4A8}.Debug|Any CPU.ActiveCfg = Debug|Win32
		{CC9130DD-7158-4E02-AA8F-1CBAC564F4A8}.Debug|Mixed Platforms.ActiveCfg = Debug|Win32
		{CC9130DD-7158-4E02-AA8F-1CBAC564F4A8}.Debug|Mixed Platforms.Build.0 = Debug|Win32
		{CC9130DD-7158-4E02-AA8F-1CBAC564F4A8}.Debug|Win32.ActiveCfg = Debug|Win32
		{CC9130DD-7158-4E02-AA8F-1CBAC564F4A8}.Debug|Win32.Build.0 = Debug|Win32
		{CC9130DD-7158-4E02-AA8F-1CBAC564F4A8}.Debug|x64.ActiveCfg = Debug|x64
		{CC9130DD-7158-4E02-AA8F-1CBAC564F4A8}.Debug|x64.Build.0 = Debug|x64
		{CC9130DD-7158-4E02-AA8F-1CBAC564F4A8}.Release|Any CPU.ActiveCfg = Release|Win32
		{CC9130DD-7158-4E02-AA8F-1CBAC564F4A8}.Release|Mixed Platforms.ActiveCfg = Release|Win32
		{CC9130DD-7158-4E02-AA8F-1CBAC564F4A8}.Release|Mixed Platforms.Build.0 = Release|Win32
		{CC9130DD-7158-4E02-AA8F-1CBAC564F4A8}.Release|Win32.ActiveCfg = Release|Win32
		{CC9130DD-7158-4E02-AA8F-1CBAC564F4A8}.Release|Win32.Build.0 = Release|Win32
		{CC9130DD-7158-4E02-AA8F-1CBAC564F4A8}.Release|x64.ActiveCfg = Release|x64
		{CC9130DD-7158-4E02-AA8F-1CBAC564F4A8}.Release|x64.Build.0 = Release|x64
		{D85AC712-B326-4F82-A13E-934B693D4243}.AI_Compete|Any CPU.ActiveCfg = AI_Compete|Any CPU
		{D85AC712-B326-4F82-A13E-934B693D4243}.AI_Compete|Any CPU.Build.0 = AI_Compete|Any CPU
		{D85AC712-B326-4F82-A13E-934B693D4243}.AI_Compete|Mixed Platforms.ActiveCfg = AI_Compete|Any CPU
		{D85AC712-B326-4F82-A13E-934B693D4243}.AI_Compete|Mixed Platforms.Build.0 = AI_Compete|Any CPU
		{D85AC712-B326-4F82-A13E-934B693D4243}.AI_Compete|Win32.ActiveCfg = AI_Compete|Any CPU
		{D85AC712-B326-4F82-A13E-934B693D4243}.AI_Compete|Win32.Build.0 = AI_Compete|Any CPU
		{D85AC712-B326-4F82-A13E-934B693D4243}.AI_Compete|x64.ActiveCfg = AI_Compete|Any CPU
		{D85AC712-B326-4F82-A13E-934B693D4243}.AI_Compete|x64.Build.0 = AI_Compete|Any CPU
		{D85AC712-B326-4F82-A13E-934B693D4243}.AI_UI|Any CPU.ActiveCfg = AI_UI|Any CPU
		{D85AC712-B326-4F82-A13E-934B693D4243}.AI_UI|Any CPU.Build.0 = AI_UI|Any CPU
		{D85AC712-B326-4F82-A13E-934B693D4243}.AI_UI|Mixed Platforms.ActiveCfg = AI_UI|Any CPU
		{D85AC712-B326-4F82-A13E-934B693D4243}.AI_UI|Mixed Platforms.Build.0 = AI_UI|Any CPU
		{D85AC712-B326-4F82-A13E-934B693D4243}.AI_UI|Win32.ActiveCfg = AI_UI|Any CPU
		{D85AC712-B326-4F82-A13E-934B693D4243}.AI_UI|Win32.Build.0 = AI_UI|Any CPU
		{D85AC712-B326-4F82-A13E-934B693D4243}.AI_UI|x64.ActiveCfg = AI_UI|Any CPU
		{D85AC712-B326-4F82-A13E-934B693D4243}.AI_UI|x64.Build.0 = AI_UI|Any CPU
		{D85AC712-B326-4F82-A13E-934B693D4243}.AI_UI-64|Any CPU.ActiveCfg = AI_UI-64|Any CPU
		{D85AC712-B326-4F82-A13E-934B693D4243}.AI_UI-64|Any CPU.Build.0 = AI_UI-64|Any CPU
		{D85AC712-B326-4F82-A13E-934B693D4243}.AI_UI-64|Mixed Platforms.ActiveCfg = AI_UI-64|Any CPU
		{D85AC712-B326-4F82-A13E-934B693D4243}.AI_UI-64|Mixed Platforms.Build.0 = AI_UI-64|Any CPU
		{D85AC712-B326-4F82-A13E-934B693D4243}.AI_UI-64|Win32.ActiveCfg = AI_UI-64|Any CPU
		{D85AC712-B326-4F82-A13E-934B693D4243}.AI_UI-64|Win32.Build.0 = AI_UI-64|Any CPU
		{D85AC712-B326-4F82-A13E-934B693D4243}.AI_UI-64|x64.ActiveCfg = AI_UI-64|Any CPU
		{D85AC712-B326-4F82-A13E-934B693D4243}.AI_UI-64|x64.Build.0 = AI_UI-64|Any CPU
		{D85AC712-B326-4F82-A13E-934B693D4243}.Debug|Any CPU.ActiveCfg = Debug|Any CPU
		{D85AC712-B326-4F82-A13E-934B693D4243}.Debug|Any CPU.Build.0 = Debug|Any CPU
		{D85AC712-B326-4F82-A13E-934B693D4243}.Debug|Mixed Platforms.ActiveCfg = Debug|Any CPU
		{D85AC712-B326-4F82-A13E-934B693D4243}.Debug|Mixed Platforms.Build.0 = Debug|Any CPU
		{D85AC712-B326-4F82-A13E-934B693D4243}.Debug|Win32.ActiveCfg = Debug|Any CPU
		{D85AC712-B326-4F82-A13E-934B693D4243}.Debug|x64.ActiveCfg = Debug|Any CPU
		{D85AC712-B326-4F82-A13E-934B693D4243}.Debug|x64.Build.0 = Debug|Any CPU
		{D85AC712-B326-4F82-A13E-934B693D4243}.Release|Any CPU.ActiveCfg = Release|Any CPU
		{D85AC712-B326-4F82-A13E-934B693D4243}.Release|Any CPU.Build.0 = Release|Any CPU
		{D85AC712-B326-4F82-A13E-934B693D4243}.Release|Mixed Platforms.ActiveCfg = Release|Any CPU
		{D85AC712-B326-4F82-A13E-934B693D4243}.Release|Mixed Platforms.Build.0 = Release|Any CPU
		{D85AC712-B326-4F82-A13E-934B693D4243}.Release|Win32.ActiveCfg = Release|Any CPU
		{D85AC712-B326-4F82-A13E-934B693D4243}.Release|x64.ActiveCfg = Release|Any CPU
		{D85AC712-B326-4F82-A13E-934B693D4243}.Release|x64.Build.0 = Release|Any CPU
		{CDC2C762-9A42-4D17-B6CD-C9E74E0BE91A}.AI_Compete|Any CPU.ActiveCfg = Release|Win32
		{CDC2C762-9A42-4D17-B6CD-C9E74E0BE91A}.AI_Compete|Any CPU.Build.0 = Release|Win32
		{CDC2C762-9A42-4D17-B6CD-C9E74E0BE91A}.AI_Compete|Mixed Platforms.ActiveCfg = Release|Win32
		{CDC2C762-9A42-4D17-B6CD-C9E74E0BE91A}.AI_Compete|Mixed Platforms.Build.0 = Release|Win32
		{CDC2C762-9A42-4D17-B6CD-C9E74E0BE91A}.AI_Compete|Win32.ActiveCfg = Release|Win32
		{CDC2C762-9A42-4D17-B6CD-C9E74E0BE91A}.AI_Compete|Win32.Build.0 = Release|Win32
		{CDC2C762-9A42-4D17-B6CD-C9E74E0BE91A}.AI_Compete|x64.ActiveCfg = AI_UI-64|Win32
		{CDC2C762-9A42-4D17-B6CD-C9E74E0BE91A}.AI_Compete|x64.Build.0 = AI_UI-64|Win32
		{CDC2C762-9A42-4D17-B6CD-C9E74E0BE91A}.AI_UI|Any CPU.ActiveCfg = Release|Win32
		{CDC2C762-9A42-4D17-B6CD-C9E74E0BE91A}.AI_UI|Any CPU.Build.0 = Release|Win32
		{CDC2C762-9A42-4D17-B6CD-C9E74E0BE91A}.AI_UI|Mixed Platforms.ActiveCfg = Release|Win32
		{CDC2C762-9A42-4D17-B6CD-C9E74E0BE91A}.AI_UI|Mixed Platforms.Build.0 = Release|Win32
		{CDC2C762-9A42-4D17-B6CD-C9E74E0BE91A}.AI_UI|Win32.ActiveCfg = Release|Win32
		{CDC2C762-9A42-4D17-B6CD-C9E74E0BE91A}.AI_UI|Win32.Build.0 = Release|Win32
		{CDC2C762-9A42-4D17-B6CD-C9E74E0BE91A}.AI_UI|x64.ActiveCfg = AI_UI-64|Win32
		{CDC2C762-9A42-4D17-B6CD-C9E74E0BE91A}.AI_UI|x64.Build.0 = AI_UI-64|Win32
		{CDC2C762-9A42-4D17-B6CD-C9E74E0BE91A}.AI_UI-64|Any CPU.ActiveCfg = AI_UI-64|Win32
		{CDC2C762-9A42-4D17-B6CD-C9E74E0BE91A}.AI_UI-64|Mixed Platforms.ActiveCfg = AI_UI-64|Win32
		{CDC2C762-9A42-4D17-B6CD-C9E74E0BE91A}.AI_UI-64|Mixed Platforms.Build.0 = AI_UI-64|Win32
		{CDC2C762-9A42-4D17-B6CD-C9E74E0BE91A}.AI_UI-64|Win32.ActiveCfg = AI_UI-64|Win32
		{CDC2C762-9A42-4D17-B6CD-C9E74E0BE91A}.AI_UI-64|Win32.Build.0 = AI_UI-64|Win32
		{CDC2C762-9A42-4D17-B6CD-C9E74E0BE91A}.AI_UI-64|x64.ActiveCfg = AI_UI-64|Win32
		{CDC2C762-9A42-4D17-B6CD-C9E74E0BE91A}.Debug|Any CPU.ActiveCfg = Debug|Win32
		{CDC2C762-9A42-4D17-B6CD-C9E74E0BE91A}.Debug|Mixed Platforms.ActiveCfg = Debug|Win32
		{CDC2C762-9A42-4D17-B6CD-C9E74E0BE91A}.Debug|Mixed Platforms.Build.0 = Debug|Win32
		{CDC2C762-9A42-4D17-B6CD-C9E74E0BE91A}.Debug|Win32.ActiveCfg = Debug|Win32
		{CDC2C762-9A42-4D17-B6CD-C9E74E0BE91A}.Debug|Win32.Build.0 = Debug|Win32
		{CDC2C762-9A42-4D17-B6CD-C9E74E0BE91A}.Debug|x64.ActiveCfg = Debug|Win32
		{CDC2C762-9A42-4D17-B6CD-C9E74E0BE91A}.Release|Any CPU.ActiveCfg = Release|Win32
		{CDC2C762-9A42-4D17-B6CD-C9E74E0BE91A}.Release|Mixed Platforms.ActiveCfg = Release|Win32
		{CDC2C762-9A42-4D17-B6CD-C9E74E0BE91A}.Release|Mixed Platforms.Build.0 = Release|Win32
		{CDC2C762-9A42-4D17-B6CD-C9E74E0BE91A}.Release|Win32.ActiveCfg = Release|Win32
		{CDC2C762-9A42-4D17-B6CD-C9E74E0BE91A}.Release|Win32.Build.0 = Release|Win32
		{CDC2C762-9A42-4D17-B6CD-C9E74E0BE91A}.Release|x64.ActiveCfg = Release|Win32
	EndGlobalSection
	GlobalSection(SolutionProperties) = preSolution
		HideSolutionNode = FALSE
	EndGlobalSection
EndGlobal
